PODS:
  - CalculateCalendarLogic (0.5.0)
  - FSCalendar (2.8.2)

DEPENDENCIES:
  - CalculateCalendarLogic
  - FSCalendar

SPEC REPOS:
  trunk:
    - CalculateCalendarLogic
    - FSCalendar

SPEC CHECKSUMS:
  CalculateCalendarLogic: d14189787cd47766e64281b2686608afea07ae4d
  FSCalendar: e6a2eb9c571bf0719ed797ef807e08426753c241

PODFILE CHECKSUM: 7e72f3b98f35ed14d17ac59df2b2b149144fab64

COCOAPODS: 1.11.2
